
Microsoft Visual Studio Solution File, Format Version 12.00
# Visual Studio 15
VisualStudioVersion = 15.0.27130.2027
MinimumVisualStudioVersion = 10.0.40219.1
Project("{FAE04EC0-301F-11D3-BF4B-00C04F79EFBC}") = "CAS2019", "CAS2019.csproj", "{7484BECF-B14D-45DE-9688-D79969C58941}"
EndProject
Global
	GlobalSection(SolutionConfigurationPlatforms) = preSolution
		Debug|Any CPU = Debug|Any CPU
		Debug|x64 = Debug|x64
		Release|Any CPU = Release|Any CPU
		Release|x64 = Release|x64
	EndGlobalSection
	GlobalSection(ProjectConfigurationPlatforms) = postSolution
		{7484BECF-B14D-45DE-9688-D79969C58941}.Debug|Any CPU.ActiveCfg = Debug|Any CPU
		{7484BECF-B14D-45DE-9688-D79969C58941}.Debug|Any CPU.Build.0 = Debug|Any CPU
		{7484BECF-B14D-45DE-9688-D79969C58941}.Debug|x64.ActiveCfg = Debug|x64
		{7484BECF-B14D-45DE-9688-D79969C58941}.Debug|x64.Build.0 = Debug|x64
		{7484BECF-B14D-45DE-9688-D79969C58941}.Release|Any CPU.ActiveCfg = Release|Any CPU
		{7484BECF-B14D-45DE-9688-D79969C58941}.Release|Any CPU.Build.0 = Release|Any CPU
		{7484BECF-B14D-45DE-9688-D79969C58941}.Release|x64.ActiveCfg = Debug|x64
		{7484BECF-B14D-45DE-9688-D79969C58941}.Release|x64.Build.0 = Debug|x64
	EndGlobalSection
	GlobalSection(SolutionProperties) = preSolution
		HideSolutionNode = FALSE
	EndGlobalSection
	GlobalSection(ExtensibilityGlobals) = postSolution
		SolutionGuid = {6AF5FFCE-624B-4E2C-B9F1-1D4A60560CC3}
	EndGlobalSection
EndGlobal
